// !$*UTF8*$!
{
	archiveVersion = 1;
	classes = {
	};
	objectVersion = 46;
	objects = {

/* Begin PBXBuildFile section */
		85A8F193198F1DE000EAD325 /* Foundation.framework in Frameworks */ = {isa = PBXBuildFile; fileRef = 85A8F192198F1DE000EAD325 /* Foundation.framework */; };
		85A8F195198F1DE000EAD325 /* CoreGraphics.framework in Frameworks */ = {isa = PBXBuildFile; fileRef = 85A8F194198F1DE000EAD325 /* CoreGraphics.framework */; };
		85A8F197198F1DE000EAD325 /* UIKit.framework in Frameworks */ = {isa = PBXBuildFile; fileRef = 85A8F196198F1DE000EAD325 /* UIKit.framework */; };
		85A8F19D198F1DE000EAD325 /* InfoPlist.strings in Resources */ = {isa = PBXBuildFile; fileRef = 85A8F19B198F1DE000EAD325 /* InfoPlist.strings */; };
		85A8F19F198F1DE000EAD325 /* main.m in Sources */ = {isa = PBXBuildFile; fileRef = 85A8F19E198F1DE000EAD325 /* main.m */; };
		85A8F1A3198F1DE000EAD325 /* TRAppDelegate.m in Sources */ = {isa = PBXBuildFile; fileRef = 85A8F1A2198F1DE000EAD325 /* TRAppDelegate.m */; };
		85A8F1A6198F1DE000EAD325 /* Main.storyboard in Resources */ = {isa = PBXBuildFile; fileRef = 85A8F1A4198F1DE000EAD325 /* Main.storyboard */; };
		85A8F1A9198F1DE000EAD325 /* TRViewController.m in Sources */ = {isa = PBXBuildFile; fileRef = 85A8F1A8198F1DE000EAD325 /* TRViewController.m */; };
		85A8F1AB198F1DE000EAD325 /* Images.xcassets in Resources */ = {isa = PBXBuildFile; fileRef = 85A8F1AA198F1DE000EAD325 /* Images.xcassets */; };
		85A8F1B2198F1DE100EAD325 /* XCTest.framework in Frameworks */ = {isa = PBXBuildFile; fileRef = 85A8F1B1198F1DE100EAD325 /* XCTest.framework */; };
		85A8F1B3198F1DE100EAD325 /* Foundation.framework in Frameworks */ = {isa = PBXBuildFile; fileRef = 85A8F192198F1DE000EAD325 /* Foundation.framework */; };
		85A8F1B4198F1DE100EAD325 /* UIKit.framework in Frameworks */ = {isa = PBXBuildFile; fileRef = 85A8F196198F1DE000EAD325 /* UIKit.framework */; };
		85A8F1BC198F1DE100EAD325 /* InfoPlist.strings in Resources */ = {isa = PBXBuildFile; fileRef = 85A8F1BA198F1DE100EAD325 /* InfoPlist.strings */; };
		85A8F1BE198F1DE100EAD325 /* Day4PhotoRiverTests.m in Sources */ = {isa = PBXBuildFile; fileRef = 85A8F1BD198F1DE100EAD325 /* Day4PhotoRiverTests.m */; };
/* End PBXBuildFile section */

/* Begin PBXContainerItemProxy section */
		85A8F1B5198F1DE100EAD325 /* PBXContainerItemProxy */ = {
			isa = PBXContainerItemProxy;
			containerPortal = 85A8F187198F1DE000EAD325 /* Project object */;
			proxyType = 1;
			remoteGlobalIDString = 85A8F18E198F1DE000EAD325;
			remoteInfo = Day4PhotoRiver;
		};
/* End PBXContainerItemProxy section */

/* Begin PBXFileReference section */
		85A8F18F198F1DE000EAD325 /* Day4PhotoRiver.app */ = {isa = PBXFileReference; explicitFileType = wrapper.application; includeInIndex = 0; path = Day4PhotoRiver.app; sourceTree = BUILT_PRODUCTS_DIR; };
		85A8F192198F1DE000EAD325 /* Foundation.framework */ = {isa = PBXFileReference; lastKnownFileType = wrapper.framework; name = Foundation.framework; path = System/Library/Frameworks/Foundation.framework; sourceTree = SDKROOT; };
		85A8F194198F1DE000EAD325 /* CoreGraphics.framework */ = {isa = PBXFileReference; lastKnownFileType = wrapper.framework; name = CoreGraphics.framework; path = System/Library/Frameworks/CoreGraphics.framework; sourceTree = SDKROOT; };
		85A8F196198F1DE000EAD325 /* UIKit.framework */ = {isa = PBXFileReference; lastKnownFileType = wrapper.framework; name = UIKit.framework; path = System/Library/Frameworks/UIKit.framework; sourceTree = SDKROOT; };
		85A8F19A198F1DE000EAD325 /* Day4PhotoRiver-Info.plist */ = {isa = PBXFileReference; lastKnownFileType = text.plist.xml; path = "Day4PhotoRiver-Info.plist"; sourceTree = "<group>"; };
		85A8F19C198F1DE000EAD325 /* en */ = {isa = PBXFileReference; lastKnownFileType = text.plist.strings; name = en; path = en.lproj/InfoPlist.strings; sourceTree = "<group>"; };
		85A8F19E198F1DE000EAD325 /* main.m */ = {isa = PBXFileReference; lastKnownFileType = sourcecode.c.objc; path = main.m; sourceTree = "<group>"; };
		85A8F1A0198F1DE000EAD325 /* Day4PhotoRiver-Prefix.pch */ = {isa = PBXFileReference; lastKnownFileType = sourcecode.c.h; path = "Day4PhotoRiver-Prefix.pch"; sourceTree = "<group>"; };
		85A8F1A1198F1DE000EAD325 /* TRAppDelegate.h */ = {isa = PBXFileReference; lastKnownFileType = sourcecode.c.h; path = TRAppDelegate.h; sourceTree = "<group>"; };
		85A8F1A2198F1DE000EAD325 /* TRAppDelegate.m */ = {isa = PBXFileReference; lastKnownFileType = sourcecode.c.objc; path = TRAppDelegate.m; sourceTree = "<group>"; };
		85A8F1A5198F1DE000EAD325 /* Base */ = {isa = PBXFileReference; lastKnownFileType = file.storyboard; name = Base; path = Base.lproj/Main.storyboard; sourceTree = "<group>"; };
		85A8F1A7198F1DE000EAD325 /* TRViewController.h */ = {isa = PBXFileReference; lastKnownFileType = sourcecode.c.h; path = TRViewController.h; sourceTree = "<group>"; };
		85A8F1A8198F1DE000EAD325 /* TRViewController.m */ = {isa = PBXFileReference; lastKnownFileType = sourcecode.c.objc; path = TRViewController.m; sourceTree = "<group>"; };
		85A8F1AA198F1DE000EAD325 /* Images.xcassets */ = {isa = PBXFileReference; lastKnownFileType = folder.assetcatalog; path = Images.xcassets; sourceTree = "<group>"; };
		85A8F1B0198F1DE100EAD325 /* Day4PhotoRiverTests.xctest */ = {isa = PBXFileReference; explicitFileType = wrapper.cfbundle; includeInIndex = 0; path = Day4PhotoRiverTests.xctest; sourceTree = BUILT_PRODUCTS_DIR; };
		85A8F1B1198F1DE100EAD325 /* XCTest.framework */ = {isa = PBXFileReference; lastKnownFileType = wrapper.framework; name = XCTest.framework; path = Library/Frameworks/XCTest.framework; sourceTree = DEVELOPER_DIR; };
		85A8F1B9198F1DE100EAD325 /* Day4PhotoRiverTests-Info.plist */ = {isa = PBXFileReference; lastKnownFileType = text.plist.xml; path = "Day4PhotoRiverTests-Info.plist"; sourceTree = "<group>"; };
		85A8F1BB198F1DE100EAD325 /* en */ = {isa = PBXFileReference; lastKnownFileType = text.plist.strings; name = en; path = en.lproj/InfoPlist.strings; sourceTree = "<group>"; };
		85A8F1BD198F1DE100EAD325 /* Day4PhotoRiverTests.m */ = {isa = PBXFileReference; lastKnownFileType = sourcecode.c.objc; path = Day4PhotoRiverTests.m; sourceTree = "<group>"; };
/* End PBXFileReference section */

/* Begin PBXFrameworksBuildPhase section */
		85A8F18C198F1DE000EAD325 /* Frameworks */ = {
			isa = PBXFrameworksBuildPhase;
			buildActionMask = 2147483647;
			files = (
				85A8F195198F1DE000EAD325 /* CoreGraphics.framework in Frameworks */,
				85A8F197198F1DE000EAD325 /* UIKit.framework in Frameworks */,
				85A8F193198F1DE000EAD325 /* Foundation.framework in Frameworks */,
			);
			runOnlyForDeploymentPostprocessing = 0;
		};
		85A8F1AD198F1DE100EAD325 /* Frameworks */ = {
			isa = PBXFrameworksBuildPhase;
			buildActionMask = 2147483647;
			files = (
				85A8F1B2198F1DE100EAD325 /* XCTest.framework in Frameworks */,
				85A8F1B4198F1DE100EAD325 /* UIKit.framework in Frameworks */,
				85A8F1B3198F1DE100EAD325 /* Foundation.framework in Frameworks */,
			);
			runOnlyForDeploymentPostprocessing = 0;
		};
/* End PBXFrameworksBuildPhase section */

/* Begin PBXGroup section */
		85A8F186198F1DE000EAD325 = {
			isa = PBXGroup;
			children = (
				85A8F198198F1DE000EAD325 /* Day4PhotoRiver */,
				85A8F1B7198F1DE100EAD325 /* Day4PhotoRiverTests */,
				85A8F191198F1DE000EAD325 /* Frameworks */,
				85A8F190198F1DE000EAD325 /* Products */,
			);
			sourceTree = "<group>";
		};
		85A8F190198F1DE000EAD325 /* Products */ = {
			isa = PBXGroup;
			children = (
				85A8F18F198F1DE000EAD325 /* Day4PhotoRiver.app */,
				85A8F1B0198F1DE100EAD325 /* Day4PhotoRiverTests.xctest */,
			);
			name = Products;
			sourceTree = "<group>";
		};
		85A8F191198F1DE000EAD325 /* Frameworks */ = {
			isa = PBXGroup;
			children = (
				85A8F192198F1DE000EAD325 /* Foundation.framework */,
				85A8F194198F1DE000EAD325 /* CoreGraphics.framework */,
				85A8F196198F1DE000EAD325 /* UIKit.framework */,
				85A8F1B1198F1DE100EAD325 /* XCTest.framework */,
			);
			name = Frameworks;
			sourceTree = "<group>";
		};
		85A8F198198F1DE000EAD325 /* Day4PhotoRiver */ = {
			isa = PBXGroup;
			children = (
				85A8F1A1198F1DE000EAD325 /* TRAppDelegate.h */,
				85A8F1A2198F1DE000EAD325 /* TRAppDelegate.m */,
				85A8F1A4198F1DE000EAD325 /* Main.storyboard */,
				85A8F1A7198F1DE000EAD325 /* TRViewController.h */,
				85A8F1A8198F1DE000EAD325 /* TRViewController.m */,
				85A8F1AA198F1DE000EAD325 /* Images.xcassets */,
				85A8F199198F1DE000EAD325 /* Supporting Files */,
			);
			path = Day4PhotoRiver;
			sourceTree = "<group>";
		};
		85A8F199198F1DE000EAD325 /* Supporting Files */ = {
			isa = PBXGroup;
			children = (
				85A8F19A198F1DE000EAD325 /* Day4PhotoRiver-Info.plist */,
				85A8F19B198F1DE000EAD325 /* InfoPlist.strings */,
				85A8F19E198F1DE000EAD325 /* main.m */,
				85A8F1A0198F1DE000EAD325 /* Day4PhotoRiver-Prefix.pch */,
			);
			name = "Supporting Files";
			sourceTree = "<group>";
		};
		85A8F1B7198F1DE100EAD325 /* Day4PhotoRiverTests */ = {
			isa = PBXGroup;
			children = (
				85A8F1BD198F1DE100EAD325 /* Day4PhotoRiverTests.m */,
				85A8F1B8198F1DE100EAD325 /* Supporting Files */,
			);
			path = Day4PhotoRiverTests;
			sourceTree = "<group>";
		};
		85A8F1B8198F1DE100EAD325 /* Supporting Files */ = {
			isa = PBXGroup;
			children = (
				85A8F1B9198F1DE100EAD325 /* Day4PhotoRiverTests-Info.plist */,
				85A8F1BA198F1DE100EAD325 /* InfoPlist.strings */,
			);
			name = "Supporting Files";
			sourceTree = "<group>";
		};
/* End PBXGroup section */

/* Begin PBXNativeTarget section */
		85A8F18E198F1DE000EAD325 /* Day4PhotoRiver */ = {
			isa = PBXNativeTarget;
			buildConfigurationList = 85A8F1C1198F1DE100EAD325 /* Build configuration list for PBXNativeTarget "Day4PhotoRiver" */;
			buildPhases = (
				85A8F18B198F1DE000EAD325 /* Sources */,
				85A8F18C198F1DE000EAD325 /* Frameworks */,
				85A8F18D198F1DE000EAD325 /* Resources */,
			);
			buildRules = (
			);
			dependencies = (
			);
			name = Day4PhotoRiver;
			productName = Day4PhotoRiver;
			productReference = 85A8F18F198F1DE000EAD325 /* Day4PhotoRiver.app */;
			productType = "com.apple.product-type.application";
		};
		85A8F1AF198F1DE100EAD325 /* Day4PhotoRiverTests */ = {
			isa = PBXNativeTarget;
			buildConfigurationList = 85A8F1C4198F1DE100EAD325 /* Build configuration list for PBXNativeTarget "Day4PhotoRiverTests" */;
			buildPhases = (
				85A8F1AC198F1DE100EAD325 /* Sources */,
				85A8F1AD198F1DE100EAD325 /* Frameworks */,
				85A8F1AE198F1DE100EAD325 /* Resources */,
			);
			buildRules = (
			);
			dependencies = (
				85A8F1B6198F1DE100EAD325 /* PBXTargetDependency */,
			);
			name = Day4PhotoRiverTests;
			productName = Day4PhotoRiverTests;
			productReference = 85A8F1B0198F1DE100EAD325 /* Day4PhotoRiverTests.xctest */;
			productType = "com.apple.product-type.bundle.unit-test";
		};
/* End PBXNativeTarget section */

/* Begin PBXProject section */
		85A8F187198F1DE000EAD325 /* Project object */ = {
			isa = PBXProject;
			attributes = {
				CLASSPREFIX = TR;
				LastUpgradeCheck = 0510;
				ORGANIZATIONNAME = tarena;
				TargetAttributes = {
					85A8F1AF198F1DE100EAD325 = {
						TestTargetID = 85A8F18E198F1DE000EAD325;
					};
				};
			};
			buildConfigurationList = 85A8F18A198F1DE000EAD325 /* Build configuration list for PBXProject "Day4PhotoRiver" */;
			compatibilityVersion = "Xcode 3.2";
			developmentRegion = English;
			hasScannedForEncodings = 0;
			knownRegions = (
				en,
				Base,
			);
			mainGroup = 85A8F186198F1DE000EAD325;
			productRefGroup = 85A8F190198F1DE000EAD325 /* Products */;
			projectDirPath = "";
			projectRoot = "";
			targets = (
				85A8F18E198F1DE000EAD325 /* Day4PhotoRiver */,
				85A8F1AF198F1DE100EAD325 /* Day4PhotoRiverTests */,
			);
		};
/* End PBXProject section */

/* Begin PBXResourcesBuildPhase section */
		85A8F18D198F1DE000EAD325 /* Resources */ = {
			isa = PBXResourcesBuildPhase;
			buildActionMask = 2147483647;
			files = (
				85A8F1AB198F1DE000EAD325 /* Images.xcassets in Resources */,
				85A8F19D198F1DE000EAD325 /* InfoPlist.strings in Resources */,
				85A8F1A6198F1DE000EAD325 /* Main.storyboard in Resources */,
			);
			runOnlyForDeploymentPostprocessing = 0;
		};
		85A8F1AE198F1DE100EAD325 /* Resources */ = {
			isa = PBXResourcesBuildPhase;
			buildActionMask = 2147483647;
			files = (
				85A8F1BC198F1DE100EAD325 /* InfoPlist.strings in Resources */,
			);
			runOnlyForDeploymentPostprocessing = 0;
		};
/* End PBXResourcesBuildPhase section */

/* Begin PBXSourcesBuildPhase section */
		85A8F18B198F1DE000EAD325 /* Sources */ = {
			isa = PBXSourcesBuildPhase;
			buildActionMask = 2147483647;
			files = (
				85A8F1A3198F1DE000EAD325 /* TRAppDelegate.m in Sources */,
				85A8F19F198F1DE000EAD325 /* main.m in Sources */,
				85A8F1A9198F1DE000EAD325 /* TRViewController.m in Sources */,
			);
			runOnlyForDeploymentPostprocessing = 0;
		};
		85A8F1AC198F1DE100EAD325 /* Sources */ = {
			isa = PBXSourcesBuildPhase;
			buildActionMask = 2147483647;
			files = (
				85A8F1BE198F1DE100EAD325 /* Day4PhotoRiverTests.m in Sources */,
			);
			runOnlyForDeploymentPostprocessing = 0;
		};
/* End PBXSourcesBuildPhase section */

/* Begin PBXTargetDependency section */
		85A8F1B6198F1DE100EAD325 /* PBXTargetDependency */ = {
			isa = PBXTargetDependency;
			target = 85A8F18E198F1DE000EAD325 /* Day4PhotoRiver */;
			targetProxy = 85A8F1B5198F1DE100EAD325 /* PBXContainerItemProxy */;
		};
/* End PBXTargetDependency section */

/* Begin PBXVariantGroup section */
		85A8F19B198F1DE000EAD325 /* InfoPlist.strings */ = {
			isa = PBXVariantGroup;
			children = (
				85A8F19C198F1DE000EAD325 /* en */,
			);
			name = InfoPlist.strings;
			sourceTree = "<group>";
		};
		85A8F1A4198F1DE000EAD325 /* Main.storyboard */ = {
			isa = PBXVariantGroup;
			children = (
				85A8F1A5198F1DE000EAD325 /* Base */,
			);
			name = Main.storyboard;
			sourceTree = "<group>";
		};
		85A8F1BA198F1DE100EAD325 /* InfoPlist.strings */ = {
			isa = PBXVariantGroup;
			children = (
				85A8F1BB198F1DE100EAD325 /* en */,
			);
			name = InfoPlist.strings;
			sourceTree = "<group>";
		};
/* End PBXVariantGroup section */

/* Begin XCBuildConfiguration section */
		85A8F1BF198F1DE100EAD325 /* Debug */ = {
			isa = XCBuildConfiguration;
			buildSettings = {
				ALWAYS_SEARCH_USER_PATHS = NO;
				CLANG_CXX_LANGUAGE_STANDARD = "gnu++0x";
				CLANG_CXX_LIBRARY = "libc++";
				CLANG_ENABLE_MODULES = YES;
				CLANG_ENABLE_OBJC_ARC = YES;
				CLANG_WARN_BOOL_CONVERSION = YES;
				CLANG_WARN_CONSTANT_CONVERSION = YES;
				CLANG_WARN_DIRECT_OBJC_ISA_USAGE = YES_ERROR;
				CLANG_WARN_EMPTY_BODY = YES;
				CLANG_WARN_ENUM_CONVERSION = YES;
				CLANG_WARN_INT_CONVERSION = YES;
				CLANG_WARN_OBJC_ROOT_CLASS = YES_ERROR;
				CLANG_WARN__DUPLICATE_METHOD_MATCH = YES;
				"CODE_SIGN_IDENTITY[sdk=iphoneos*]" = "iPhone Developer";
				COPY_PHASE_STRIP = NO;
				GCC_C_LANGUAGE_STANDARD = gnu99;
				GCC_DYNAMIC_NO_PIC = NO;
				GCC_OPTIMIZATION_LEVEL = 0;
				GCC_PREPROCESSOR_DEFINITIONS = (
					"DEBUG=1",
					"$(inherited)",
				);
				GCC_SYMBOLS_PRIVATE_EXTERN = NO;
				GCC_WARN_64_TO_32_BIT_CONVERSION = YES;
				GCC_WARN_ABOUT_RETURN_TYPE = YES_ERROR;
				GCC_WARN_UNDECLARED_SELECTOR = YES;
				GCC_WARN_UNINITIALIZED_AUTOS = YES_AGGRESSIVE;
				GCC_WARN_UNUSED_FUNCTION = YES;
				GCC_WARN_UNUSED_VARIABLE = YES;
				IPHONEOS_DEPLOYMENT_TARGET = 7.1;
				ONLY_ACTIVE_ARCH = YES;
				SDKROOT = iphoneos;
			};
			name = Debug;
		};
		85A8F1C0198F1DE100EAD325 /* Release */ = {
			isa = XCBuildConfiguration;
			buildSettings = {
				ALWAYS_SEARCH_USER_PATHS = NO;
				CLANG_CXX_LANGUAGE_STANDARD = "gnu++0x";
				CLANG_CXX_LIBRARY = "libc++";
				CLANG_ENABLE_MODULES = YES;
				CLANG_ENABLE_OBJC_ARC = YES;
				CLANG_WARN_BOOL_CONVERSION = YES;
				CLANG_WARN_CONSTANT_CONVERSION = YES;
				CLANG_WARN_DIRECT_OBJC_ISA_USAGE = YES_ERROR;
				CLANG_WARN_EMPTY_BODY = YES;
				CLANG_WARN_ENUM_CONVERSION = YES;
				CLANG_WARN_INT_CONVERSION = YES;
				CLANG_WARN_OBJC_ROOT_CLASS = YES_ERROR;
				CLANG_WARN__DUPLICATE_METHOD_MATCH = YES;
				"CODE_SIGN_IDENTITY[sdk=iphoneos*]" = "iPhone Developer";
				COPY_PHASE_STRIP = YES;
				ENABLE_NS_ASSERTIONS = NO;
				GCC_C_LANGUAGE_STANDARD = gnu99;
				GCC_WARN_64_TO_32_BIT_CONVERSION = YES;
				GCC_WARN_ABOUT_RETURN_TYPE = YES_ERROR;
				GCC_WARN_UNDECLARED_SELECTOR = YES;
				GCC_WARN_UNINITIALIZED_AUTOS = YES_AGGRESSIVE;
				GCC_WARN_UNUSED_FUNCTION = YES;
				GCC_WARN_UNUSED_VARIABLE = YES;
				IPHONEOS_DEPLOYMENT_TARGET = 7.1;
				SDKROOT = iphoneos;
				VALIDATE_PRODUCT = YES;
			};
			name = Release;
		};
		85A8F1C2198F1DE100EAD325 /* Debug */ = {
			isa = XCBuildConfiguration;
			buildSettings = {
				ASSETCATALOG_COMPILER_APPICON_NAME = AppIcon;
				ASSETCATALOG_COMPILER_LAUNCHIMAGE_NAME = LaunchImage;
				GCC_PRECOMPILE_PREFIX_HEADER = YES;
				GCC_PREFIX_HEADER = "Day4PhotoRiver/Day4PhotoRiver-Prefix.pch";
				INFOPLIST_FILE = "Day4PhotoRiver/Day4PhotoRiver-Info.plist";
				PRODUCT_NAME = "$(TARGET_NAME)";
				WRAPPER_EXTENSION = app;
			};
			name = Debug;
		};
		85A8F1C3198F1DE100EAD325 /* Release */ = {
			isa = XCBuildConfiguration;
			buildSettings = {
				ASSETCATALOG_COMPILER_APPICON_NAME = AppIcon;
				ASSETCATALOG_COMPILER_LAUNCHIMAGE_NAME = LaunchImage;
				GCC_PRECOMPILE_PREFIX_HEADER = YES;
				GCC_PREFIX_HEADER = "Day4PhotoRiver/Day4PhotoRiver-Prefix.pch";
				INFOPLIST_FILE = "Day4PhotoRiver/Day4PhotoRiver-Info.plist";
				PRODUCT_NAME = "$(TARGET_NAME)";
				WRAPPER_EXTENSION = app;
			};
			name = Release;
		};
		85A8F1C5198F1DE100EAD325 /* Debug */ = {
			isa = XCBuildConfiguration;
			buildSettings = {
				BUNDLE_LOADER = "$(BUILT_PRODUCTS_DIR)/Day4PhotoRiver.app/Day4PhotoRiver";
				FRAMEWORK_SEARCH_PATHS = (
					"$(SDKROOT)/Developer/Library/Frameworks",
					"$(inherited)",
					"$(DEVELOPER_FRAMEWORKS_DIR)",
				);
				GCC_PRECOMPILE_PREFIX_HEADER = YES;
				GCC_PREFIX_HEADER = "Day4PhotoRiver/Day4PhotoRiver-Prefix.pch";
				GCC_PREPROCESSOR_DEFINITIONS = (
					"DEBUG=1",
					"$(inherited)",
				);
				INFOPLIST_FILE = "Day4PhotoRiverTests/Day4PhotoRiverTests-Info.plist";
				PRODUCT_NAME = "$(TARGET_NAME)";
				TEST_HOST = "$(BUNDLE_LOADER)";
				WRAPPER_EXTENSION = xctest;
			};
			name = Debug;
		};
		85A8F1C6198F1DE100EAD325 /* Release */ = {
			isa = XCBuildConfiguration;
			buildSettings = {
				BUNDLE_LOADER = "$(BUILT_PRODUCTS_DIR)/Day4PhotoRiver.app/Day4PhotoRiver";
				FRAMEWORK_SEARCH_PATHS = (
					"$(SDKROOT)/Developer/Library/Frameworks",
					"$(inherited)",
					"$(DEVELOPER_FRAMEWORKS_DIR)",
				);
				GCC_PRECOMPILE_PREFIX_HEADER = YES;
				GCC_PREFIX_HEADER = "Day4PhotoRiver/Day4PhotoRiver-Prefix.pch";
				INFOPLIST_FILE = "Day4PhotoRiverTests/Day4PhotoRiverTests-Info.plist";
				PRODUCT_NAME = "$(TARGET_NAME)";
				TEST_HOST = "$(BUNDLE_LOADER)";
				WRAPPER_EXTENSION = xctest;
			};
			name = Release;
		};
/* End XCBuildConfiguration section */

/* Begin XCConfigurationList section */
		85A8F18A198F1DE000EAD325 /* Build configuration list for PBXProject "Day4PhotoRiver" */ = {
			isa = XCConfigurationList;
			buildConfigurations = (
				85A8F1BF198F1DE100EAD325 /* Debug */,
				85A8F1C0198F1DE100EAD325 /* Release */,
			);
			defaultConfigurationIsVisible = 0;
			defaultConfigurationName = Release;
		};
		85A8F1C1198F1DE100EAD325 /* Build configuration list for PBXNativeTarget "Day4PhotoRiver" */ = {
			isa = XCConfigurationList;
			buildConfigurations = (
				85A8F1C2198F1DE100EAD325 /* Debug */,
				85A8F1C3198F1DE100EAD325 /* Release */,
			);
			defaultConfigurationIsVisible = 0;
		};
		85A8F1C4198F1DE100EAD325 /* Build configuration list for PBXNativeTarget "Day4PhotoRiverTests" */ = {
			isa = XCConfigurationList;
			buildConfigurations = (
				85A8F1C5198F1DE100EAD325 /* Debug */,
				85A8F1C6198F1DE100EAD325 /* Release */,
			);
			defaultConfigurationIsVisible = 0;
		};
/* End XCConfigurationList section */
	};
	rootObject = 85A8F187198F1DE000EAD325 /* Project object */;
}
